
Microsoft Visual Studio Solution File, Format Version 12.00
# Visual Studio Version 17
VisualStudioVersion = 17.0.31903.59
MinimumVisualStudioVersion = 10.0.40219.1
Project("{FAE04EC0-301F-11D3-BF4B-00C04F79EFBC}") = "KikoStore.Api", "Kikostore.Api\KikoStore.Api.csproj", "{5129578D-2756-401D-A211-A82F15593469}"
EndProject
Project("{FAE04EC0-301F-11D3-BF4B-00C04F79EFBC}") = "KikoStore.Core", "Kikostore.Core\KikoStore.Core.csproj", "{DCC7C8EF-7698-497C-B587-BC7F77454671}"
EndProject
Project("{FAE04EC0-301F-11D3-BF4B-00C04F79EFBC}") = "KikoStore.Infrastructure", "Kikostore.Infrastructure\KikoStore.Infrastructure.csproj", "{B0A7DB06-3B77-4C79-9510-77A90D175C4C}"
EndProject
Global
	GlobalSection(SolutionConfigurationPlatforms) = preSolution
		Debug|Any CPU = Debug|Any CPU
		Release|Any CPU = Release|Any CPU
	EndGlobalSection
	GlobalSection(SolutionProperties) = preSolution
		HideSolutionNode = FALSE
	EndGlobalSection
	GlobalSection(ProjectConfigurationPlatforms) = postSolution
		{5129578D-2756-401D-A211-A82F15593469}.Debug|Any CPU.ActiveCfg = Debug|Any CPU
		{5129578D-2756-401D-A211-A82F15593469}.Debug|Any CPU.Build.0 = Debug|Any CPU
		{5129578D-2756-401D-A211-A82F15593469}.Release|Any CPU.ActiveCfg = Release|Any CPU
		{5129578D-2756-401D-A211-A82F15593469}.Release|Any CPU.Build.0 = Release|Any CPU
		{DCC7C8EF-7698-497C-B587-BC7F77454671}.Debug|Any CPU.ActiveCfg = Debug|Any CPU
		{DCC7C8EF-7698-497C-B587-BC7F77454671}.Debug|Any CPU.Build.0 = Debug|Any CPU
		{DCC7C8EF-7698-497C-B587-BC7F77454671}.Release|Any CPU.ActiveCfg = Release|Any CPU
		{DCC7C8EF-7698-497C-B587-BC7F77454671}.Release|Any CPU.Build.0 = Release|Any CPU
		{B0A7DB06-3B77-4C79-9510-77A90D175C4C}.Debug|Any CPU.ActiveCfg = Debug|Any CPU
		{B0A7DB06-3B77-4C79-9510-77A90D175C4C}.Debug|Any CPU.Build.0 = Debug|Any CPU
		{B0A7DB06-3B77-4C79-9510-77A90D175C4C}.Release|Any CPU.ActiveCfg = Release|Any CPU
		{B0A7DB06-3B77-4C79-9510-77A90D175C4C}.Release|Any CPU.Build.0 = Release|Any CPU
	EndGlobalSection
EndGlobal
